
Microsoft Visual Studio Solution File, Format Version 12.00
# Visual Studio 2013
VisualStudioVersion = 12.0.30723.0
MinimumVisualStudioVersion = 10.0.40219.1
Project("{FAE04EC0-301F-11D3-BF4B-00C04F79EFBC}") = "Parkimoto.Core", "Parkimoto.Core\Parkimoto.Core.csproj", "{F703D8E7-D468-40AD-82C5-3A79F7E33D81}"
EndProject
Project("{FAE04EC0-301F-11D3-BF4B-00C04F79EFBC}") = "Parkimoto.Services", "Parkimoto.Services\Parkimoto.Services.csproj", "{B63E43BB-7B5D-4074-AACD-C3D95317D154}"
EndProject
Project("{FAE04EC0-301F-11D3-BF4B-00C04F79EFBC}") = "Parkimoto.Data", "Parkimoto.Data\Parkimoto.Data.csproj", "{91710F1B-C07E-4BB3-8D49-9398661B98CB}"
EndProject
Global
	GlobalSection(SolutionConfigurationPlatforms) = preSolution
		Debug|Any CPU = Debug|Any CPU
		Release|Any CPU = Release|Any CPU
	EndGlobalSection
	GlobalSection(ProjectConfigurationPlatforms) = postSolution
		{F703D8E7-D468-40AD-82C5-3A79F7E33D81}.Debug|Any CPU.ActiveCfg = Debug|Any CPU
		{F703D8E7-D468-40AD-82C5-3A79F7E33D81}.Debug|Any CPU.Build.0 = Debug|Any CPU
		{F703D8E7-D468-40AD-82C5-3A79F7E33D81}.Release|Any CPU.ActiveCfg = Release|Any CPU
		{F703D8E7-D468-40AD-82C5-3A79F7E33D81}.Release|Any CPU.Build.0 = Release|Any CPU
		{B63E43BB-7B5D-4074-AACD-C3D95317D154}.Debug|Any CPU.ActiveCfg = Debug|Any CPU
		{B63E43BB-7B5D-4074-AACD-C3D95317D154}.Debug|Any CPU.Build.0 = Debug|Any CPU
		{B63E43BB-7B5D-4074-AACD-C3D95317D154}.Release|Any CPU.ActiveCfg = Release|Any CPU
		{B63E43BB-7B5D-4074-AACD-C3D95317D154}.Release|Any CPU.Build.0 = Release|Any CPU
		{91710F1B-C07E-4BB3-8D49-9398661B98CB}.Debug|Any CPU.ActiveCfg = Debug|Any CPU
		{91710F1B-C07E-4BB3-8D49-9398661B98CB}.Debug|Any CPU.Build.0 = Debug|Any CPU
		{91710F1B-C07E-4BB3-8D49-9398661B98CB}.Release|Any CPU.ActiveCfg = Release|Any CPU
		{91710F1B-C07E-4BB3-8D49-9398661B98CB}.Release|Any CPU.Build.0 = Release|Any CPU
	EndGlobalSection
	GlobalSection(SolutionProperties) = preSolution
		HideSolutionNode = FALSE
	EndGlobalSection
EndGlobal
